// !$*UTF8*$!
{
	archiveVersion = 1;
	classes = {
	};
	objectVersion = 50;
	objects = {

/* Begin PBXBuildFile section */
		DA991DFB243F968E00CF78A5 /* JosefinSans-Italic-VariableFont_wght.ttf in Resources */ = {isa = PBXBuildFile; fileRef = DA991DFA243F968E00CF78A5 /* JosefinSans-Italic-VariableFont_wght.ttf */; };
		DAB48C56243E7DB200074958 /* AppDelegate.swift in Sources */ = {isa = PBXBuildFile; fileRef = DAB48C55243E7DB200074958 /* AppDelegate.swift */; };
		DAB48C58243E7DB200074958 /* SceneDelegate.swift in Sources */ = {isa = PBXBuildFile; fileRef = DAB48C57243E7DB200074958 /* SceneDelegate.swift */; };
		DAB48C5A243E7DB200074958 /* ContentView.swift in Sources */ = {isa = PBXBuildFile; fileRef = DAB48C59243E7DB200074958 /* ContentView.swift */; };
		DAB48C5C243E7DB600074958 /* Assets.xcassets in Resources */ = {isa = PBXBuildFile; fileRef = DAB48C5B243E7DB600074958 /* Assets.xcassets */; };
		DAB48C5F243E7DB600074958 /* Preview Assets.xcassets in Resources */ = {isa = PBXBuildFile; fileRef = DAB48C5E243E7DB600074958 /* Preview Assets.xcassets */; };
		DAB48C62243E7DB600074958 /* LaunchScreen.storyboard in Resources */ = {isa = PBXBuildFile; fileRef = DAB48C60243E7DB600074958 /* LaunchScreen.storyboard */; };
		DAB48C6B243E816E00074958 /* Pacifico-Regular.ttf in Resources */ = {isa = PBXBuildFile; fileRef = DAB48C6A243E816E00074958 /* Pacifico-Regular.ttf */; };
		DAB48C6D243E8CDC00074958 /* InfoView.swift in Sources */ = {isa = PBXBuildFile; fileRef = DAB48C6C243E8CDC00074958 /* InfoView.swift */; };
/* End PBXBuildFile section */

/* Begin PBXFileReference section */
		DA991DFA243F968E00CF78A5 /* JosefinSans-Italic-VariableFont_wght.ttf */ = {isa = PBXFileReference; lastKnownFileType = file; path = "JosefinSans-Italic-VariableFont_wght.ttf"; sourceTree = "<group>"; };
		DA991DFC243F96A300CF78A5 /* JosefinSans-VariableFont_wght.ttf */ = {isa = PBXFileReference; lastKnownFileType = file; path = "JosefinSans-VariableFont_wght.ttf"; sourceTree = "<group>"; };
		DA991DFD243F9BBB00CF78A5 /* Ubuntu-Bold.ttf */ = {isa = PBXFileReference; lastKnownFileType = file; path = "Ubuntu-Bold.ttf"; sourceTree = "<group>"; };
		DAB48C52243E7DB200074958 /* PaulCard.app */ = {isa = PBXFileReference; explicitFileType = wrapper.application; includeInIndex = 0; path = PaulCard.app; sourceTree = BUILT_PRODUCTS_DIR; };
		DAB48C55243E7DB200074958 /* AppDelegate.swift */ = {isa = PBXFileReference; lastKnownFileType = sourcecode.swift; path = AppDelegate.swift; sourceTree = "<group>"; };
		DAB48C57243E7DB200074958 /* SceneDelegate.swift */ = {isa = PBXFileReference; lastKnownFileType = sourcecode.swift; path = SceneDelegate.swift; sourceTree = "<group>"; };
		DAB48C59243E7DB200074958 /* ContentView.swift */ = {isa = PBXFileReference; lastKnownFileType = sourcecode.swift; path = ContentView.swift; sourceTree = "<group>"; };
		DAB48C5B243E7DB600074958 /* Assets.xcassets */ = {isa = PBXFileReference; lastKnownFileType = folder.assetcatalog; path = Assets.xcassets; sourceTree = "<group>"; };
		DAB48C5E243E7DB600074958 /* Preview Assets.xcassets */ = {isa = PBXFileReference; lastKnownFileType = folder.assetcatalog; path = "Preview Assets.xcassets"; sourceTree = "<group>"; };
		DAB48C61243E7DB600074958 /* Base */ = {isa = PBXFileReference; lastKnownFileType = file.storyboard; name = Base; path = Base.lproj/LaunchScreen.storyboard; sourceTree = "<group>"; };
		DAB48C63243E7DB600074958 /* Info.plist */ = {isa = PBXFileReference; lastKnownFileType = text.plist.xml; path = Info.plist; sourceTree = "<group>"; };
		DAB48C6A243E816E00074958 /* Pacifico-Regular.ttf */ = {isa = PBXFileReference; lastKnownFileType = file; path = "Pacifico-Regular.ttf"; sourceTree = "<group>"; };
		DAB48C6C243E8CDC00074958 /* InfoView.swift */ = {isa = PBXFileReference; lastKnownFileType = sourcecode.swift; path = InfoView.swift; sourceTree = "<group>"; };
/* End PBXFileReference section */

/* Begin PBXFrameworksBuildPhase section */
		DAB48C4F243E7DB200074958 /* Frameworks */ = {
			isa = PBXFrameworksBuildPhase;
			buildActionMask = 2147483647;
			files = (
			);
			runOnlyForDeploymentPostprocessing = 0;
		};
/* End PBXFrameworksBuildPhase section */

/* Begin PBXGroup section */
		DAB48C49243E7DB200074958 = {
			isa = PBXGroup;
			children = (
				DAB48C69243E812F00074958 /* Fonts */,
				DAB48C54243E7DB200074958 /* PaulCard */,
				DAB48C53243E7DB200074958 /* Products */,
			);
			sourceTree = "<group>";
		};
		DAB48C53243E7DB200074958 /* Products */ = {
			isa = PBXGroup;
			children = (
				DAB48C52243E7DB200074958 /* PaulCard.app */,
			);
			name = Products;
			sourceTree = "<group>";
		};
		DAB48C54243E7DB200074958 /* PaulCard */ = {
			isa = PBXGroup;
			children = (
				DAB48C55243E7DB200074958 /* AppDelegate.swift */,
				DAB48C57243E7DB200074958 /* SceneDelegate.swift */,
				DAB48C59243E7DB200074958 /* ContentView.swift */,
				DAB48C6C243E8CDC00074958 /* InfoView.swift */,
				DAB48C5B243E7DB600074958 /* Assets.xcassets */,
				DAB48C60243E7DB600074958 /* LaunchScreen.storyboard */,
				DAB48C63243E7DB600074958 /* Info.plist */,
				DAB48C5D243E7DB600074958 /* Preview Content */,
			);
			path = PaulCard;
			sourceTree = "<group>";
		};
		DAB48C5D243E7DB600074958 /* Preview Content */ = {
			isa = PBXGroup;
			children = (
				DAB48C5E243E7DB600074958 /* Preview Assets.xcassets */,
			);
			path = "Preview Content";
			sourceTree = "<group>";
		};
		DAB48C69243E812F00074958 /* Fonts */ = {
			isa = PBXGroup;
			children = (
				DA991DFD243F9BBB00CF78A5 /* Ubuntu-Bold.ttf */,
				DA991DFC243F96A300CF78A5 /* JosefinSans-VariableFont_wght.ttf */,
				DA991DFA243F968E00CF78A5 /* JosefinSans-Italic-VariableFont_wght.ttf */,
				DAB48C6A243E816E00074958 /* Pacifico-Regular.ttf */,
			);
			path = Fonts;
			sourceTree = "<group>";
		};
/* End PBXGroup section */

/* Begin PBXNativeTarget section */
		DAB48C51243E7DB200074958 /* PaulCard */ = {
			isa = PBXNativeTarget;
			buildConfigurationList = DAB48C66243E7DB600074958 /* Build configuration list for PBXNativeTarget "PaulCard" */;
			buildPhases = (
				DAB48C4E243E7DB200074958 /* Sources */,
				DAB48C4F243E7DB200074958 /* Frameworks */,
				DAB48C50243E7DB200074958 /* Resources */,
			);
			buildRules = (
			);
			dependencies = (
			);
			name = PaulCard;
			productName = PaulCard;
			productReference = DAB48C52243E7DB200074958 /* PaulCard.app */;
			productType = "com.apple.product-type.application";
		};
/* End PBXNativeTarget section */

/* Begin PBXProject section */
		DAB48C4A243E7DB200074958 /* Project object */ = {
			isa = PBXProject;
			attributes = {
				LastSwiftUpdateCheck = 1140;
				LastUpgradeCheck = 1140;
				ORGANIZATIONNAME = "Paul Achuff Sr";
				TargetAttributes = {
					DAB48C51243E7DB200074958 = {
						CreatedOnToolsVersion = 11.4;
					};
				};
			};
			buildConfigurationList = DAB48C4D243E7DB200074958 /* Build configuration list for PBXProject "PaulCard" */;
			compatibilityVersion = "Xcode 9.3";
			developmentRegion = en;
			hasScannedForEncodings = 0;
			knownRegions = (
				en,
				Base,
			);
			mainGroup = DAB48C49243E7DB200074958;
			productRefGroup = DAB48C53243E7DB200074958 /* Products */;
			projectDirPath = "";
			projectRoot = "";
			targets = (
				DAB48C51243E7DB200074958 /* PaulCard */,
			);
		};
/* End PBXProject section */

/* Begin PBXResourcesBuildPhase section */
		DAB48C50243E7DB200074958 /* Resources */ = {
			isa = PBXResourcesBuildPhase;
			buildActionMask = 2147483647;
			files = (
				DAB48C62243E7DB600074958 /* LaunchScreen.storyboard in Resources */,
				DA991DFB243F968E00CF78A5 /* JosefinSans-Italic-VariableFont_wght.ttf in Resources */,
				DAB48C6B243E816E00074958 /* Pacifico-Regular.ttf in Resources */,
				DAB48C5F243E7DB600074958 /* Preview Assets.xcassets in Resources */,
				DAB48C5C243E7DB600074958 /* Assets.xcassets in Resources */,
			);
			runOnlyForDeploymentPostprocessing = 0;
		};
/* End PBXResourcesBuildPhase section */

/* Begin PBXSourcesBuildPhase section */
		DAB48C4E243E7DB200074958 /* Sources */ = {
			isa = PBXSourcesBuildPhase;
			buildActionMask = 2147483647;
			files = (
				DAB48C6D243E8CDC00074958 /* InfoView.swift in Sources */,
				DAB48C56243E7DB200074958 /* AppDelegate.swift in Sources */,
				DAB48C58243E7DB200074958 /* SceneDelegate.swift in Sources */,
				DAB48C5A243E7DB200074958 /* ContentView.swift in Sources */,
			);
			runOnlyForDeploymentPostprocessing = 0;
		};
/* End PBXSourcesBuildPhase section */

/* Begin PBXVariantGroup section */
		DAB48C60243E7DB600074958 /* LaunchScreen.storyboard */ = {
			isa = PBXVariantGroup;
			children = (
				DAB48C61243E7DB600074958 /* Base */,
			);
			name = LaunchScreen.storyboard;
			sourceTree = "<group>";
		};
/* End PBXVariantGroup section */

/* Begin XCBuildConfiguration section */
		DAB48C64243E7DB600074958 /* Debug */ = {
			isa = XCBuildConfiguration;
			buildSettings = {
				ALWAYS_SEARCH_USER_PATHS = NO;
				CLANG_ANALYZER_NONNULL = YES;
				CLANG_ANALYZER_NUMBER_OBJECT_CONVERSION = YES_AGGRESSIVE;
				CLANG_CXX_LANGUAGE_STANDARD = "gnu++14";
				CLANG_CXX_LIBRARY = "libc++";
				CLANG_ENABLE_MODULES = YES;
				CLANG_ENABLE_OBJC_ARC = YES;
				CLANG_ENABLE_OBJC_WEAK = YES;
				CLANG_WARN_BLOCK_CAPTURE_AUTORELEASING = YES;
				CLANG_WARN_BOOL_CONVERSION = YES;
				CLANG_WARN_COMMA = YES;
				CLANG_WARN_CONSTANT_CONVERSION = YES;
				CLANG_WARN_DEPRECATED_OBJC_IMPLEMENTATIONS = YES;
				CLANG_WARN_DIRECT_OBJC_ISA_USAGE = YES_ERROR;
				CLANG_WARN_DOCUMENTATION_COMMENTS = YES;
				CLANG_WARN_EMPTY_BODY = YES;
				CLANG_WARN_ENUM_CONVERSION = YES;
				CLANG_WARN_INFINITE_RECURSION = YES;
				CLANG_WARN_INT_CONVERSION = YES;
				CLANG_WARN_NON_LITERAL_NULL_CONVERSION = YES;
				CLANG_WARN_OBJC_IMPLICIT_RETAIN_SELF = YES;
				CLANG_WARN_OBJC_LITERAL_CONVERSION = YES;
				CLANG_WARN_OBJC_ROOT_CLASS = YES_ERROR;
				CLANG_WARN_RANGE_LOOP_ANALYSIS = YES;
				CLANG_WARN_STRICT_PROTOTYPES = YES;
				CLANG_WARN_SUSPICIOUS_MOVE = YES;
				CLANG_WARN_UNGUARDED_AVAILABILITY = YES_AGGRESSIVE;
				CLANG_WARN_UNREACHABLE_CODE = YES;
				CLANG_WARN__DUPLICATE_METHOD_MATCH = YES;
				COPY_PHASE_STRIP = NO;
				DEBUG_INFORMATION_FORMAT = dwarf;
				ENABLE_STRICT_OBJC_MSGSEND = YES;
				ENABLE_TESTABILITY = YES;
				GCC_C_LANGUAGE_STANDARD = gnu11;
				GCC_DYNAMIC_NO_PIC = NO;
				GCC_NO_COMMON_BLOCKS = YES;
				GCC_OPTIMIZATION_LEVEL = 0;
				GCC_PREPROCESSOR_DEFINITIONS = (
					"DEBUG=1",
					"$(inherited)",
				);
				GCC_WARN_64_TO_32_BIT_CONVERSION = YES;
				GCC_WARN_ABOUT_RETURN_TYPE = YES_ERROR;
				GCC_WARN_UNDECLARED_SELECTOR = YES;
				GCC_WARN_UNINITIALIZED_AUTOS = YES_AGGRESSIVE;
				GCC_WARN_UNUSED_FUNCTION = YES;
				GCC_WARN_UNUSED_VARIABLE = YES;
				IPHONEOS_DEPLOYMENT_TARGET = 13.0;
				MTL_ENABLE_DEBUG_INFO = INCLUDE_SOURCE;
				MTL_FAST_MATH = YES;
				ONLY_ACTIVE_ARCH = YES;
				SDKROOT = iphoneos;
				SWIFT_ACTIVE_COMPILATION_CONDITIONS = DEBUG;
				SWIFT_OPTIMIZATION_LEVEL = "-Onone";
			};
			name = Debug;
		};
		DAB48C65243E7DB600074958 /* Release */ = {
			isa = XCBuildConfiguration;
			buildSettings = {
				ALWAYS_SEARCH_USER_PATHS = NO;
				CLANG_ANALYZER_NONNULL = YES;
				CLANG_ANALYZER_NUMBER_OBJECT_CONVERSION = YES_AGGRESSIVE;
				CLANG_CXX_LANGUAGE_STANDARD = "gnu++14";
				CLANG_CXX_LIBRARY = "libc++";
				CLANG_ENABLE_MODULES = YES;
				CLANG_ENABLE_OBJC_ARC = YES;
				CLANG_ENABLE_OBJC_WEAK = YES;
				CLANG_WARN_BLOCK_CAPTURE_AUTORELEASING = YES;
				CLANG_WARN_BOOL_CONVERSION = YES;
				CLANG_WARN_COMMA = YES;
				CLANG_WARN_CONSTANT_CONVERSION = YES;
				CLANG_WARN_DEPRECATED_OBJC_IMPLEMENTATIONS = YES;
				CLANG_WARN_DIRECT_OBJC_ISA_USAGE = YES_ERROR;
				CLANG_WARN_DOCUMENTATION_COMMENTS = YES;
				CLANG_WARN_EMPTY_BODY = YES;
				CLANG_WARN_ENUM_CONVERSION = YES;
				CLANG_WARN_INFINITE_RECURSION = YES;
				CLANG_WARN_INT_CONVERSION = YES;
				CLANG_WARN_NON_LITERAL_NULL_CONVERSION = YES;
				CLANG_WARN_OBJC_IMPLICIT_RETAIN_SELF = YES;
				CLANG_WARN_OBJC_LITERAL_CONVERSION = YES;
				CLANG_WARN_OBJC_ROOT_CLASS = YES_ERROR;
				CLANG_WARN_RANGE_LOOP_ANALYSIS = YES;
				CLANG_WARN_STRICT_PROTOTYPES = YES;
				CLANG_WARN_SUSPICIOUS_MOVE = YES;
				CLANG_WARN_UNGUARDED_AVAILABILITY = YES_AGGRESSIVE;
				CLANG_WARN_UNREACHABLE_CODE = YES;
				CLANG_WARN__DUPLICATE_METHOD_MATCH = YES;
				COPY_PHASE_STRIP = NO;
				DEBUG_INFORMATION_FORMAT = "dwarf-with-dsym";
				ENABLE_NS_ASSERTIONS = NO;
				ENABLE_STRICT_OBJC_MSGSEND = YES;
				GCC_C_LANGUAGE_STANDARD = gnu11;
				GCC_NO_COMMON_BLOCKS = YES;
				GCC_WARN_64_TO_32_BIT_CONVERSION = YES;
				GCC_WARN_ABOUT_RETURN_TYPE = YES_ERROR;
				GCC_WARN_UNDECLARED_SELECTOR = YES;
				GCC_WARN_UNINITIALIZED_AUTOS = YES_AGGRESSIVE;
				GCC_WARN_UNUSED_FUNCTION = YES;
				GCC_WARN_UNUSED_VARIABLE = YES;
				IPHONEOS_DEPLOYMENT_TARGET = 13.0;
				MTL_ENABLE_DEBUG_INFO = NO;
				MTL_FAST_MATH = YES;
				SDKROOT = iphoneos;
				SWIFT_COMPILATION_MODE = wholemodule;
				SWIFT_OPTIMIZATION_LEVEL = "-O";
				VALIDATE_PRODUCT = YES;
			};
			name = Release;
		};
		DAB48C67243E7DB600074958 /* Debug */ = {
			isa = XCBuildConfiguration;
			buildSettings = {
				ASSETCATALOG_COMPILER_APPICON_NAME = AppIcon;
				CODE_SIGN_STYLE = Automatic;
				DEVELOPMENT_ASSET_PATHS = "\"PaulCard/Preview Content\"";
				DEVELOPMENT_TEAM = MSXV82X99S;
				ENABLE_PREVIEWS = YES;
				INFOPLIST_FILE = PaulCard/Info.plist;
				LD_RUNPATH_SEARCH_PATHS = (
					"$(inherited)",
					"@executable_path/Frameworks",
				);
				PRODUCT_BUNDLE_IDENTIFIER = co.rockusa.PaulCard;
				PRODUCT_NAME = "$(TARGET_NAME)";
				SWIFT_VERSION = 5.0;
				TARGETED_DEVICE_FAMILY = "1,2";
			};
			name = Debug;
		};
		DAB48C68243E7DB600074958 /* Release */ = {
			isa = XCBuildConfiguration;
			buildSettings = {
				ASSETCATALOG_COMPILER_APPICON_NAME = AppIcon;
				CODE_SIGN_STYLE = Automatic;
				DEVELOPMENT_ASSET_PATHS = "\"PaulCard/Preview Content\"";
				DEVELOPMENT_TEAM = MSXV82X99S;
				ENABLE_PREVIEWS = YES;
				INFOPLIST_FILE = PaulCard/Info.plist;
				LD_RUNPATH_SEARCH_PATHS = (
					"$(inherited)",
					"@executable_path/Frameworks",
				);
				PRODUCT_BUNDLE_IDENTIFIER = co.rockusa.PaulCard;
				PRODUCT_NAME = "$(TARGET_NAME)";
				SWIFT_VERSION = 5.0;
				TARGETED_DEVICE_FAMILY = "1,2";
			};
			name = Release;
		};
/* End XCBuildConfiguration section */

/* Begin XCConfigurationList section */
		DAB48C4D243E7DB200074958 /* Build configuration list for PBXProject "PaulCard" */ = {
			isa = XCConfigurationList;
			buildConfigurations = (
				DAB48C64243E7DB600074958 /* Debug */,
				DAB48C65243E7DB600074958 /* Release */,
			);
			defaultConfigurationIsVisible = 0;
			defaultConfigurationName = Release;
		};
		DAB48C66243E7DB600074958 /* Build configuration list for PBXNativeTarget "PaulCard" */ = {
			isa = XCConfigurationList;
			buildConfigurations = (
				DAB48C67243E7DB600074958 /* Debug */,
				DAB48C68243E7DB600074958 /* Release */,
			);
			defaultConfigurationIsVisible = 0;
			defaultConfigurationName = Release;
		};
/* End XCConfigurationList section */
	};
	rootObject = DAB48C4A243E7DB200074958 /* Project object */;
}
